
Microsoft Visual Studio Solution File, Format Version 12.00
# Visual Studio Version 16
VisualStudioVersion = 16.0.33529.622
MinimumVisualStudioVersion = 10.0.40219.1
Project("{8BC9CEB8-8B4A-11D0-8D11-00A0C91BC942}") = "CB02_Duc", "CB02_Duc\CB02_Duc.vcxproj", "{4E362FC6-117B-44E4-A3E8-B3E2D096768F}"
EndProject
Project("{8BC9CEB8-8B4A-11D0-8D11-00A0C91BC942}") = "CB03_Duc", "CB03_Duc\CB03_Duc.vcxproj", "{1440DD8E-8BB6-4CFF-B577-F8C7A8C98804}"
EndProject
Project("{8BC9CEB8-8B4A-11D0-8D11-00A0C91BC942}") = "CB04_Duc", "CB04\CB04.vcxproj", "{E014E8F9-3B06-4F17-89EB-A3C790DAD943}"
EndProject
Project("{8BC9CEB8-8B4A-11D0-8D11-00A0C91BC942}") = "CB01_Duc", "CB01_Duc\CB01_Duc.vcxproj", "{38F05954-564D-41B4-ABB1-3546ECCB5516}"
EndProject
Project("{8BC9CEB8-8B4A-11D0-8D11-00A0C91BC942}") = "VL15_Dung", "VL15_Dung\VL15_Dung.vcxproj", "{65A5397F-136C-4073-AECF-1B9F4EC12F6C}"
EndProject
Project("{8BC9CEB8-8B4A-11D0-8D11-00A0C91BC942}") = "VL14_Dung", "VL14_Dung\VL14_Dung.vcxproj", "{0738DBF8-57FA-454E-8430-6A1EEE23BACB}"
EndProject
Project("{8BC9CEB8-8B4A-11D0-8D11-00A0C91BC942}") = "CB01_dUNG", "CB01_dUNG\CB01_dUNG.vcxproj", "{085CDE79-41E7-42D4-9B2A-9DED72FE30DA}"
EndProject
Project("{8BC9CEB8-8B4A-11D0-8D11-00A0C91BC942}") = "CB02_Dung", "CB02_Dung\CB02_Dung.vcxproj", "{93CB0B49-FF95-4318-BEC3-C7EDE833779C}"
EndProject
Project("{8BC9CEB8-8B4A-11D0-8D11-00A0C91BC942}") = "CB03_Dung", "CB03_Dung\CB03_Dung.vcxproj", "{090621D7-2AAF-4272-948D-185DC36C8787}"
EndProject
Project("{8BC9CEB8-8B4A-11D0-8D11-00A0C91BC942}") = "CB04_Dung", "CB04_Dung\CB04_Dung.vcxproj", "{B0C039F2-3839-4867-A913-0D9077D47A69}"
EndProject
Project("{8BC9CEB8-8B4A-11D0-8D11-00A0C91BC942}") = "CB05_Dung", "CB05_Dung\CB05_Dung.vcxproj", "{1F491305-1AA2-41C7-B891-0B3692ADD0D6}"
EndProject
Project("{8BC9CEB8-8B4A-11D0-8D11-00A0C91BC942}") = "CB06_Dung", "CB06_Dung\CB06_Dung.vcxproj", "{E5396B46-54BB-4996-9D16-1137F169AB22}"
EndProject
Project("{8BC9CEB8-8B4A-11D0-8D11-00A0C91BC942}") = "CB07_Dung", "CB07_Dung\CB07_Dung.vcxproj", "{8B53E723-F4B1-4B04-BAED-E4D785144727}"
EndProject
Project("{8BC9CEB8-8B4A-11D0-8D11-00A0C91BC942}") = "CB08_Dung", "CB08_Dung\CB08_Dung.vcxproj", "{F81FFE3C-F84B-497B-B608-1819F99109A0}"
EndProject
Project("{8BC9CEB8-8B4A-11D0-8D11-00A0C91BC942}") = "VL10_Dung", "VL10_Dung\VL10_Dung.vcxproj", "{8AA43BC8-B77E-4CBA-9E1C-53A8202D7201}"
EndProject
Project("{8BC9CEB8-8B4A-11D0-8D11-00A0C91BC942}") = "DK01_Dung", "DK01_Dung\DK01_Dung.vcxproj", "{C789B179-968B-4FD8-9AF0-B1D0398E5E35}"
EndProject
Project("{8BC9CEB8-8B4A-11D0-8D11-00A0C91BC942}") = "DK02_Dung", "DK02_Dung\DK02_Dung.vcxproj", "{4AAB1CF4-EAF2-4F99-9A82-C38A2A1013A2}"
EndProject
Project("{8BC9CEB8-8B4A-11D0-8D11-00A0C91BC942}") = "DK03_Dung", "DK03_Dung\DK03_Dung.vcxproj", "{C5758599-668D-4655-BA4A-792B5A893D7E}"
EndProject
Project("{8BC9CEB8-8B4A-11D0-8D11-00A0C91BC942}") = "DK04_Dung", "DK04_Dung\DK04_Dung.vcxproj", "{7C2E9DA4-6E66-4D43-95FE-146FE00FE1D0}"
EndProject
Project("{8BC9CEB8-8B4A-11D0-8D11-00A0C91BC942}") = "DK05_Dung", "DK05_Dung\DK05_Dung.vcxproj", "{1F3697E1-DBC9-47F8-92EA-D68C29D8540D}"
EndProject
Project("{8BC9CEB8-8B4A-11D0-8D11-00A0C91BC942}") = "DK06_Dung", "DK06_Dung\DK06_Dung.vcxproj", "{2944B1F2-258A-4B6D-AEEC-FD976CAAB001}"
EndProject
Project("{8BC9CEB8-8B4A-11D0-8D11-00A0C91BC942}") = "VL01_Dung", "VL01_Dung\VL01_Dung.vcxproj", "{DF531E41-F901-45D2-A7A1-221122F27129}"
EndProject
Project("{8BC9CEB8-8B4A-11D0-8D11-00A0C91BC942}") = "VL03_Dung", "VL03_Dung\VL03_Dung.vcxproj", "{E9BEE3C7-6CDE-4E65-9863-7060157414E0}"
EndProject
Project("{8BC9CEB8-8B4A-11D0-8D11-00A0C91BC942}") = "SUM1_Dung", "SUM1_Dung\SUM1_Dung.vcxproj", "{3ABF1154-28C4-4C2C-8C1F-3494E813B5C3}"
EndProject
Project("{8BC9CEB8-8B4A-11D0-8D11-00A0C91BC942}") = "GT1_Dung", "GT1_Dung\GT1_Dung.vcxproj", "{977BFD7D-0D3D-4A46-9DAF-1C9AD3FD6620}"
EndProject
Project("{8BC9CEB8-8B4A-11D0-8D11-00A0C91BC942}") = "VL04_Dung", "VL04_Dung\VL04_Dung.vcxproj", "{0D137E0B-A610-4160-8113-CEE1CEA1625E}"
EndProject
Project("{8BC9CEB8-8B4A-11D0-8D11-00A0C91BC942}") = "VL08_Dung", "VL08_Dung\VL08_Dung.vcxproj", "{BEE7D8B6-6AF0-457F-9D2C-424010D292F4}"
EndProject
Project("{8BC9CEB8-8B4A-11D0-8D11-00A0C91BC942}") = "DK08_Dung", "DK08_Dung\DK08_Dung.vcxproj", "{802463E2-51C1-4875-AAC5-D9C52DD9CABF}"
EndProject
Project("{8BC9CEB8-8B4A-11D0-8D11-00A0C91BC942}") = "VL11_Dung", "VL11_Dung\VL11_Dung.vcxproj", "{B322654F-925A-46C1-AA87-CDB83524ED9C}"
EndProject
Project("{8BC9CEB8-8B4A-11D0-8D11-00A0C91BC942}") = "DK09_Dung", "DK09_Dung\DK09_Dung.vcxproj", "{0A45431C-6E7C-46B7-90B4-09648CCAA27B}"
EndProject
Project("{8BC9CEB8-8B4A-11D0-8D11-00A0C91BC942}") = "VL05_Dung", "VL05_Dung\VL05_Dung.vcxproj", "{D75CAF2D-464B-41D9-A452-330D4230E0B9}"
EndProject
Project("{8BC9CEB8-8B4A-11D0-8D11-00A0C91BC942}") = "DK10_Dung", "DK10_Dung\DK10_Dung.vcxproj", "{8DD50DB8-BF80-4679-8250-E7979B42F994}"
EndProject
Project("{8BC9CEB8-8B4A-11D0-8D11-00A0C91BC942}") = "VL18_Dung", "VL18_Dung\VL18_Dung.vcxproj", "{53D4B3E0-3E87-4741-9C76-0FCDA3D985CE}"
EndProject
Project("{8BC9CEB8-8B4A-11D0-8D11-00A0C91BC942}") = "DK07_Dung", "DK07_Dung\DK07_Dung.vcxproj", "{79861615-150C-4A1D-8EAB-A43544DC857C}"
EndProject
Project("{8BC9CEB8-8B4A-11D0-8D11-00A0C91BC942}") = "VL13_Dung", "VL13_Dung\VL13_Dung.vcxproj", "{247B883C-524C-493A-A24D-4B53A42FFFA2}"
EndProject
Project("{8BC9CEB8-8B4A-11D0-8D11-00A0C91BC942}") = "VT10_Dung", "VT10_Dung\VT10_Dung.vcxproj", "{6466EE40-7ABF-4960-9AAB-E5243A431CB7}"
EndProject
Global
	GlobalSection(SolutionConfigurationPlatforms) = preSolution
		Debug|x64 = Debug|x64
		Debug|x86 = Debug|x86
		Release|x64 = Release|x64
		Release|x86 = Release|x86
	EndGlobalSection
	GlobalSection(ProjectConfigurationPlatforms) = postSolution
		{4E362FC6-117B-44E4-A3E8-B3E2D096768F}.Debug|x64.ActiveCfg = Debug|x64
		{4E362FC6-117B-44E4-A3E8-B3E2D096768F}.Debug|x64.Build.0 = Debug|x64
		{4E362FC6-117B-44E4-A3E8-B3E2D096768F}.Debug|x86.ActiveCfg = Debug|Win32
		{4E362FC6-117B-44E4-A3E8-B3E2D096768F}.Debug|x86.Build.0 = Debug|Win32
		{4E362FC6-117B-44E4-A3E8-B3E2D096768F}.Release|x64.ActiveCfg = Release|x64
		{4E362FC6-117B-44E4-A3E8-B3E2D096768F}.Release|x64.Build.0 = Release|x64
		{4E362FC6-117B-44E4-A3E8-B3E2D096768F}.Release|x86.ActiveCfg = Release|Win32
		{4E362FC6-117B-44E4-A3E8-B3E2D096768F}.Release|x86.Build.0 = Release|Win32
		{1440DD8E-8BB6-4CFF-B577-F8C7A8C98804}.Debug|x64.ActiveCfg = Debug|x64
		{1440DD8E-8BB6-4CFF-B577-F8C7A8C98804}.Debug|x64.Build.0 = Debug|x64
		{1440DD8E-8BB6-4CFF-B577-F8C7A8C98804}.Debug|x86.ActiveCfg = Debug|Win32
		{1440DD8E-8BB6-4CFF-B577-F8C7A8C98804}.Debug|x86.Build.0 = Debug|Win32
		{1440DD8E-8BB6-4CFF-B577-F8C7A8C98804}.Release|x64.ActiveCfg = Release|x64
		{1440DD8E-8BB6-4CFF-B577-F8C7A8C98804}.Release|x64.Build.0 = Release|x64
		{1440DD8E-8BB6-4CFF-B577-F8C7A8C98804}.Release|x86.ActiveCfg = Release|Win32
		{1440DD8E-8BB6-4CFF-B577-F8C7A8C98804}.Release|x86.Build.0 = Release|Win32
		{E014E8F9-3B06-4F17-89EB-A3C790DAD943}.Debug|x64.ActiveCfg = Debug|x64
		{E014E8F9-3B06-4F17-89EB-A3C790DAD943}.Debug|x64.Build.0 = Debug|x64
		{E014E8F9-3B06-4F17-89EB-A3C790DAD943}.Debug|x86.ActiveCfg = Debug|Win32
		{E014E8F9-3B06-4F17-89EB-A3C790DAD943}.Debug|x86.Build.0 = Debug|Win32
		{E014E8F9-3B06-4F17-89EB-A3C790DAD943}.Release|x64.ActiveCfg = Release|x64
		{E014E8F9-3B06-4F17-89EB-A3C790DAD943}.Release|x64.Build.0 = Release|x64
		{E014E8F9-3B06-4F17-89EB-A3C790DAD943}.Release|x86.ActiveCfg = Release|Win32
		{E014E8F9-3B06-4F17-89EB-A3C790DAD943}.Release|x86.Build.0 = Release|Win32
		{38F05954-564D-41B4-ABB1-3546ECCB5516}.Debug|x64.ActiveCfg = Debug|x64
		{38F05954-564D-41B4-ABB1-3546ECCB5516}.Debug|x64.Build.0 = Debug|x64
		{38F05954-564D-41B4-ABB1-3546ECCB5516}.Debug|x86.ActiveCfg = Debug|Win32
		{38F05954-564D-41B4-ABB1-3546ECCB5516}.Debug|x86.Build.0 = Debug|Win32
		{38F05954-564D-41B4-ABB1-3546ECCB5516}.Release|x64.ActiveCfg = Release|x64
		{38F05954-564D-41B4-ABB1-3546ECCB5516}.Release|x64.Build.0 = Release|x64
		{38F05954-564D-41B4-ABB1-3546ECCB5516}.Release|x86.ActiveCfg = Release|Win32
		{38F05954-564D-41B4-ABB1-3546ECCB5516}.Release|x86.Build.0 = Release|Win32
		{65A5397F-136C-4073-AECF-1B9F4EC12F6C}.Debug|x64.ActiveCfg = Debug|x64
		{65A5397F-136C-4073-AECF-1B9F4EC12F6C}.Debug|x64.Build.0 = Debug|x64
		{65A5397F-136C-4073-AECF-1B9F4EC12F6C}.Debug|x86.ActiveCfg = Debug|Win32
		{65A5397F-136C-4073-AECF-1B9F4EC12F6C}.Debug|x86.Build.0 = Debug|Win32
		{65A5397F-136C-4073-AECF-1B9F4EC12F6C}.Release|x64.ActiveCfg = Release|x64
		{65A5397F-136C-4073-AECF-1B9F4EC12F6C}.Release|x64.Build.0 = Release|x64
		{65A5397F-136C-4073-AECF-1B9F4EC12F6C}.Release|x86.ActiveCfg = Release|Win32
		{65A5397F-136C-4073-AECF-1B9F4EC12F6C}.Release|x86.Build.0 = Release|Win32
		{0738DBF8-57FA-454E-8430-6A1EEE23BACB}.Debug|x64.ActiveCfg = Debug|x64
		{0738DBF8-57FA-454E-8430-6A1EEE23BACB}.Debug|x64.Build.0 = Debug|x64
		{0738DBF8-57FA-454E-8430-6A1EEE23BACB}.Debug|x86.ActiveCfg = Debug|Win32
		{0738DBF8-57FA-454E-8430-6A1EEE23BACB}.Debug|x86.Build.0 = Debug|Win32
		{0738DBF8-57FA-454E-8430-6A1EEE23BACB}.Release|x64.ActiveCfg = Release|x64
		{0738DBF8-57FA-454E-8430-6A1EEE23BACB}.Release|x64.Build.0 = Release|x64
		{0738DBF8-57FA-454E-8430-6A1EEE23BACB}.Release|x86.ActiveCfg = Release|Win32
		{0738DBF8-57FA-454E-8430-6A1EEE23BACB}.Release|x86.Build.0 = Release|Win32
		{085CDE79-41E7-42D4-9B2A-9DED72FE30DA}.Debug|x64.ActiveCfg = Debug|x64
		{085CDE79-41E7-42D4-9B2A-9DED72FE30DA}.Debug|x64.Build.0 = Debug|x64
		{085CDE79-41E7-42D4-9B2A-9DED72FE30DA}.Debug|x86.ActiveCfg = Debug|Win32
		{085CDE79-41E7-42D4-9B2A-9DED72FE30DA}.Debug|x86.Build.0 = Debug|Win32
		{085CDE79-41E7-42D4-9B2A-9DED72FE30DA}.Release|x64.ActiveCfg = Release|x64
		{085CDE79-41E7-42D4-9B2A-9DED72FE30DA}.Release|x64.Build.0 = Release|x64
		{085CDE79-41E7-42D4-9B2A-9DED72FE30DA}.Release|x86.ActiveCfg = Release|Win32
		{085CDE79-41E7-42D4-9B2A-9DED72FE30DA}.Release|x86.Build.0 = Release|Win32
		{93CB0B49-FF95-4318-BEC3-C7EDE833779C}.Debug|x64.ActiveCfg = Debug|x64
		{93CB0B49-FF95-4318-BEC3-C7EDE833779C}.Debug|x64.Build.0 = Debug|x64
		{93CB0B49-FF95-4318-BEC3-C7EDE833779C}.Debug|x86.ActiveCfg = Debug|Win32
		{93CB0B49-FF95-4318-BEC3-C7EDE833779C}.Debug|x86.Build.0 = Debug|Win32
		{93CB0B49-FF95-4318-BEC3-C7EDE833779C}.Release|x64.ActiveCfg = Release|x64
		{93CB0B49-FF95-4318-BEC3-C7EDE833779C}.Release|x64.Build.0 = Release|x64
		{93CB0B49-FF95-4318-BEC3-C7EDE833779C}.Release|x86.ActiveCfg = Release|Win32
		{93CB0B49-FF95-4318-BEC3-C7EDE833779C}.Release|x86.Build.0 = Release|Win32
		{090621D7-2AAF-4272-948D-185DC36C8787}.Debug|x64.ActiveCfg = Debug|x64
		{090621D7-2AAF-4272-948D-185DC36C8787}.Debug|x64.Build.0 = Debug|x64
		{090621D7-2AAF-4272-948D-185DC36C8787}.Debug|x86.ActiveCfg = Debug|Win32
		{090621D7-2AAF-4272-948D-185DC36C8787}.Debug|x86.Build.0 = Debug|Win32
		{090621D7-2AAF-4272-948D-185DC36C8787}.Release|x64.ActiveCfg = Release|x64
		{090621D7-2AAF-4272-948D-185DC36C8787}.Release|x64.Build.0 = Release|x64
		{090621D7-2AAF-4272-948D-185DC36C8787}.Release|x86.ActiveCfg = Release|Win32
		{090621D7-2AAF-4272-948D-185DC36C8787}.Release|x86.Build.0 = Release|Win32
		{B0C039F2-3839-4867-A913-0D9077D47A69}.Debug|x64.ActiveCfg = Debug|x64
		{B0C039F2-3839-4867-A913-0D9077D47A69}.Debug|x64.Build.0 = Debug|x64
		{B0C039F2-3839-4867-A913-0D9077D47A69}.Debug|x86.ActiveCfg = Debug|Win32
		{B0C039F2-3839-4867-A913-0D9077D47A69}.Debug|x86.Build.0 = Debug|Win32
		{B0C039F2-3839-4867-A913-0D9077D47A69}.Release|x64.ActiveCfg = Release|x64
		{B0C039F2-3839-4867-A913-0D9077D47A69}.Release|x64.Build.0 = Release|x64
		{B0C039F2-3839-4867-A913-0D9077D47A69}.Release|x86.ActiveCfg = Release|Win32
		{B0C039F2-3839-4867-A913-0D9077D47A69}.Release|x86.Build.0 = Release|Win32
		{1F491305-1AA2-41C7-B891-0B3692ADD0D6}.Debug|x64.ActiveCfg = Debug|x64
		{1F491305-1AA2-41C7-B891-0B3692ADD0D6}.Debug|x64.Build.0 = Debug|x64
		{1F491305-1AA2-41C7-B891-0B3692ADD0D6}.Debug|x86.ActiveCfg = Debug|Win32
		{1F491305-1AA2-41C7-B891-0B3692ADD0D6}.Debug|x86.Build.0 = Debug|Win32
		{1F491305-1AA2-41C7-B891-0B3692ADD0D6}.Release|x64.ActiveCfg = Release|x64
		{1F491305-1AA2-41C7-B891-0B3692ADD0D6}.Release|x64.Build.0 = Release|x64
		{1F491305-1AA2-41C7-B891-0B3692ADD0D6}.Release|x86.ActiveCfg = Release|Win32
		{1F491305-1AA2-41C7-B891-0B3692ADD0D6}.Release|x86.Build.0 = Release|Win32
		{E5396B46-54BB-4996-9D16-1137F169AB22}.Debug|x64.ActiveCfg = Debug|x64
		{E5396B46-54BB-4996-9D16-1137F169AB22}.Debug|x64.Build.0 = Debug|x64
		{E5396B46-54BB-4996-9D16-1137F169AB22}.Debug|x86.ActiveCfg = Debug|Win32
		{E5396B46-54BB-4996-9D16-1137F169AB22}.Debug|x86.Build.0 = Debug|Win32
		{E5396B46-54BB-4996-9D16-1137F169AB22}.Release|x64.ActiveCfg = Release|x64
		{E5396B46-54BB-4996-9D16-1137F169AB22}.Release|x64.Build.0 = Release|x64
		{E5396B46-54BB-4996-9D16-1137F169AB22}.Release|x86.ActiveCfg = Release|Win32
		{E5396B46-54BB-4996-9D16-1137F169AB22}.Release|x86.Build.0 = Release|Win32
		{8B53E723-F4B1-4B04-BAED-E4D785144727}.Debug|x64.ActiveCfg = Debug|x64
		{8B53E723-F4B1-4B04-BAED-E4D785144727}.Debug|x64.Build.0 = Debug|x64
		{8B53E723-F4B1-4B04-BAED-E4D785144727}.Debug|x86.ActiveCfg = Debug|Win32
		{8B53E723-F4B1-4B04-BAED-E4D785144727}.Debug|x86.Build.0 = Debug|Win32
		{8B53E723-F4B1-4B04-BAED-E4D785144727}.Release|x64.ActiveCfg = Release|x64
		{8B53E723-F4B1-4B04-BAED-E4D785144727}.Release|x64.Build.0 = Release|x64
		{8B53E723-F4B1-4B04-BAED-E4D785144727}.Release|x86.ActiveCfg = Release|Win32
		{8B53E723-F4B1-4B04-BAED-E4D785144727}.Release|x86.Build.0 = Release|Win32
		{F81FFE3C-F84B-497B-B608-1819F99109A0}.Debug|x64.ActiveCfg = Debug|x64
		{F81FFE3C-F84B-497B-B608-1819F99109A0}.Debug|x64.Build.0 = Debug|x64
		{F81FFE3C-F84B-497B-B608-1819F99109A0}.Debug|x86.ActiveCfg = Debug|Win32
		{F81FFE3C-F84B-497B-B608-1819F99109A0}.Debug|x86.Build.0 = Debug|Win32
		{F81FFE3C-F84B-497B-B608-1819F99109A0}.Release|x64.ActiveCfg = Release|x64
		{F81FFE3C-F84B-497B-B608-1819F99109A0}.Release|x64.Build.0 = Release|x64
		{F81FFE3C-F84B-497B-B608-1819F99109A0}.Release|x86.ActiveCfg = Release|Win32
		{F81FFE3C-F84B-497B-B608-1819F99109A0}.Release|x86.Build.0 = Release|Win32
		{8AA43BC8-B77E-4CBA-9E1C-53A8202D7201}.Debug|x64.ActiveCfg = Debug|x64
		{8AA43BC8-B77E-4CBA-9E1C-53A8202D7201}.Debug|x64.Build.0 = Debug|x64
		{8AA43BC8-B77E-4CBA-9E1C-53A8202D7201}.Debug|x86.ActiveCfg = Debug|Win32
		{8AA43BC8-B77E-4CBA-9E1C-53A8202D7201}.Debug|x86.Build.0 = Debug|Win32
		{8AA43BC8-B77E-4CBA-9E1C-53A8202D7201}.Release|x64.ActiveCfg = Release|x64
		{8AA43BC8-B77E-4CBA-9E1C-53A8202D7201}.Release|x64.Build.0 = Release|x64
		{8AA43BC8-B77E-4CBA-9E1C-53A8202D7201}.Release|x86.ActiveCfg = Release|Win32
		{8AA43BC8-B77E-4CBA-9E1C-53A8202D7201}.Release|x86.Build.0 = Release|Win32
		{C789B179-968B-4FD8-9AF0-B1D0398E5E35}.Debug|x64.ActiveCfg = Debug|x64
		{C789B179-968B-4FD8-9AF0-B1D0398E5E35}.Debug|x64.Build.0 = Debug|x64
		{C789B179-968B-4FD8-9AF0-B1D0398E5E35}.Debug|x86.ActiveCfg = Debug|Win32
		{C789B179-968B-4FD8-9AF0-B1D0398E5E35}.Debug|x86.Build.0 = Debug|Win32
		{C789B179-968B-4FD8-9AF0-B1D0398E5E35}.Release|x64.ActiveCfg = Release|x64
		{C789B179-968B-4FD8-9AF0-B1D0398E5E35}.Release|x64.Build.0 = Release|x64
		{C789B179-968B-4FD8-9AF0-B1D0398E5E35}.Release|x86.ActiveCfg = Release|Win32
		{C789B179-968B-4FD8-9AF0-B1D0398E5E35}.Release|x86.Build.0 = Release|Win32
		{4AAB1CF4-EAF2-4F99-9A82-C38A2A1013A2}.Debug|x64.ActiveCfg = Debug|x64
		{4AAB1CF4-EAF2-4F99-9A82-C38A2A1013A2}.Debug|x64.Build.0 = Debug|x64
		{4AAB1CF4-EAF2-4F99-9A82-C38A2A1013A2}.Debug|x86.ActiveCfg = Debug|Win32
		{4AAB1CF4-EAF2-4F99-9A82-C38A2A1013A2}.Debug|x86.Build.0 = Debug|Win32
		{4AAB1CF4-EAF2-4F99-9A82-C38A2A1013A2}.Release|x64.ActiveCfg = Release|x64
		{4AAB1CF4-EAF2-4F99-9A82-C38A2A1013A2}.Release|x64.Build.0 = Release|x64
		{4AAB1CF4-EAF2-4F99-9A82-C38A2A1013A2}.Release|x86.ActiveCfg = Release|Win32
		{4AAB1CF4-EAF2-4F99-9A82-C38A2A1013A2}.Release|x86.Build.0 = Release|Win32
		{C5758599-668D-4655-BA4A-792B5A893D7E}.Debug|x64.ActiveCfg = Debug|x64
		{C5758599-668D-4655-BA4A-792B5A893D7E}.Debug|x64.Build.0 = Debug|x64
		{C5758599-668D-4655-BA4A-792B5A893D7E}.Debug|x86.ActiveCfg = Debug|Win32
		{C5758599-668D-4655-BA4A-792B5A893D7E}.Debug|x86.Build.0 = Debug|Win32
		{C5758599-668D-4655-BA4A-792B5A893D7E}.Release|x64.ActiveCfg = Release|x64
		{C5758599-668D-4655-BA4A-792B5A893D7E}.Release|x64.Build.0 = Release|x64
		{C5758599-668D-4655-BA4A-792B5A893D7E}.Release|x86.ActiveCfg = Release|Win32
		{C5758599-668D-4655-BA4A-792B5A893D7E}.Release|x86.Build.0 = Release|Win32
		{7C2E9DA4-6E66-4D43-95FE-146FE00FE1D0}.Debug|x64.ActiveCfg = Debug|x64
		{7C2E9DA4-6E66-4D43-95FE-146FE00FE1D0}.Debug|x64.Build.0 = Debug|x64
		{7C2E9DA4-6E66-4D43-95FE-146FE00FE1D0}.Debug|x86.ActiveCfg = Debug|Win32
		{7C2E9DA4-6E66-4D43-95FE-146FE00FE1D0}.Debug|x86.Build.0 = Debug|Win32
		{7C2E9DA4-6E66-4D43-95FE-146FE00FE1D0}.Release|x64.ActiveCfg = Release|x64
		{7C2E9DA4-6E66-4D43-95FE-146FE00FE1D0}.Release|x64.Build.0 = Release|x64
		{7C2E9DA4-6E66-4D43-95FE-146FE00FE1D0}.Release|x86.ActiveCfg = Release|Win32
		{7C2E9DA4-6E66-4D43-95FE-146FE00FE1D0}.Release|x86.Build.0 = Release|Win32
		{1F3697E1-DBC9-47F8-92EA-D68C29D8540D}.Debug|x64.ActiveCfg = Debug|x64
		{1F3697E1-DBC9-47F8-92EA-D68C29D8540D}.Debug|x64.Build.0 = Debug|x64
		{1F3697E1-DBC9-47F8-92EA-D68C29D8540D}.Debug|x86.ActiveCfg = Debug|Win32
		{1F3697E1-DBC9-47F8-92EA-D68C29D8540D}.Debug|x86.Build.0 = Debug|Win32
		{1F3697E1-DBC9-47F8-92EA-D68C29D8540D}.Release|x64.ActiveCfg = Release|x64
		{1F3697E1-DBC9-47F8-92EA-D68C29D8540D}.Release|x64.Build.0 = Release|x64
		{1F3697E1-DBC9-47F8-92EA-D68C29D8540D}.Release|x86.ActiveCfg = Release|Win32
		{1F3697E1-DBC9-47F8-92EA-D68C29D8540D}.Release|x86.Build.0 = Release|Win32
		{2944B1F2-258A-4B6D-AEEC-FD976CAAB001}.Debug|x64.ActiveCfg = Debug|x64
		{2944B1F2-258A-4B6D-AEEC-FD976CAAB001}.Debug|x64.Build.0 = Debug|x64
		{2944B1F2-258A-4B6D-AEEC-FD976CAAB001}.Debug|x86.ActiveCfg = Debug|Win32
		{2944B1F2-258A-4B6D-AEEC-FD976CAAB001}.Debug|x86.Build.0 = Debug|Win32
		{2944B1F2-258A-4B6D-AEEC-FD976CAAB001}.Release|x64.ActiveCfg = Release|x64
		{2944B1F2-258A-4B6D-AEEC-FD976CAAB001}.Release|x64.Build.0 = Release|x64
		{2944B1F2-258A-4B6D-AEEC-FD976CAAB001}.Release|x86.ActiveCfg = Release|Win32
		{2944B1F2-258A-4B6D-AEEC-FD976CAAB001}.Release|x86.Build.0 = Release|Win32
		{DF531E41-F901-45D2-A7A1-221122F27129}.Debug|x64.ActiveCfg = Debug|x64
		{DF531E41-F901-45D2-A7A1-221122F27129}.Debug|x64.Build.0 = Debug|x64
		{DF531E41-F901-45D2-A7A1-221122F27129}.Debug|x86.ActiveCfg = Debug|Win32
		{DF531E41-F901-45D2-A7A1-221122F27129}.Debug|x86.Build.0 = Debug|Win32
		{DF531E41-F901-45D2-A7A1-221122F27129}.Release|x64.ActiveCfg = Release|x64
		{DF531E41-F901-45D2-A7A1-221122F27129}.Release|x64.Build.0 = Release|x64
		{DF531E41-F901-45D2-A7A1-221122F27129}.Release|x86.ActiveCfg = Release|Win32
		{DF531E41-F901-45D2-A7A1-221122F27129}.Release|x86.Build.0 = Release|Win32
		{E9BEE3C7-6CDE-4E65-9863-7060157414E0}.Debug|x64.ActiveCfg = Debug|x64
		{E9BEE3C7-6CDE-4E65-9863-7060157414E0}.Debug|x64.Build.0 = Debug|x64
		{E9BEE3C7-6CDE-4E65-9863-7060157414E0}.Debug|x86.ActiveCfg = Debug|Win32
		{E9BEE3C7-6CDE-4E65-9863-7060157414E0}.Debug|x86.Build.0 = Debug|Win32
		{E9BEE3C7-6CDE-4E65-9863-7060157414E0}.Release|x64.ActiveCfg = Release|x64
		{E9BEE3C7-6CDE-4E65-9863-7060157414E0}.Release|x64.Build.0 = Release|x64
		{E9BEE3C7-6CDE-4E65-9863-7060157414E0}.Release|x86.ActiveCfg = Release|Win32
		{E9BEE3C7-6CDE-4E65-9863-7060157414E0}.Release|x86.Build.0 = Release|Win32
		{3ABF1154-28C4-4C2C-8C1F-3494E813B5C3}.Debug|x64.ActiveCfg = Debug|x64
		{3ABF1154-28C4-4C2C-8C1F-3494E813B5C3}.Debug|x64.Build.0 = Debug|x64
		{3ABF1154-28C4-4C2C-8C1F-3494E813B5C3}.Debug|x86.ActiveCfg = Debug|Win32
		{3ABF1154-28C4-4C2C-8C1F-3494E813B5C3}.Debug|x86.Build.0 = Debug|Win32
		{3ABF1154-28C4-4C2C-8C1F-3494E813B5C3}.Release|x64.ActiveCfg = Release|x64
		{3ABF1154-28C4-4C2C-8C1F-3494E813B5C3}.Release|x64.Build.0 = Release|x64
		{3ABF1154-28C4-4C2C-8C1F-3494E813B5C3}.Release|x86.ActiveCfg = Release|Win32
		{3ABF1154-28C4-4C2C-8C1F-3494E813B5C3}.Release|x86.Build.0 = Release|Win32
		{977BFD7D-0D3D-4A46-9DAF-1C9AD3FD6620}.Debug|x64.ActiveCfg = Debug|x64
		{977BFD7D-0D3D-4A46-9DAF-1C9AD3FD6620}.Debug|x64.Build.0 = Debug|x64
		{977BFD7D-0D3D-4A46-9DAF-1C9AD3FD6620}.Debug|x86.ActiveCfg = Debug|Win32
		{977BFD7D-0D3D-4A46-9DAF-1C9AD3FD6620}.Debug|x86.Build.0 = Debug|Win32
		{977BFD7D-0D3D-4A46-9DAF-1C9AD3FD6620}.Release|x64.ActiveCfg = Release|x64
		{977BFD7D-0D3D-4A46-9DAF-1C9AD3FD6620}.Release|x64.Build.0 = Release|x64
		{977BFD7D-0D3D-4A46-9DAF-1C9AD3FD6620}.Release|x86.ActiveCfg = Release|Win32
		{977BFD7D-0D3D-4A46-9DAF-1C9AD3FD6620}.Release|x86.Build.0 = Release|Win32
		{0D137E0B-A610-4160-8113-CEE1CEA1625E}.Debug|x64.ActiveCfg = Debug|x64
		{0D137E0B-A610-4160-8113-CEE1CEA1625E}.Debug|x64.Build.0 = Debug|x64
		{0D137E0B-A610-4160-8113-CEE1CEA1625E}.Debug|x86.ActiveCfg = Debug|Win32
		{0D137E0B-A610-4160-8113-CEE1CEA1625E}.Debug|x86.Build.0 = Debug|Win32
		{0D137E0B-A610-4160-8113-CEE1CEA1625E}.Release|x64.ActiveCfg = Release|x64
		{0D137E0B-A610-4160-8113-CEE1CEA1625E}.Release|x64.Build.0 = Release|x64
		{0D137E0B-A610-4160-8113-CEE1CEA1625E}.Release|x86.ActiveCfg = Release|Win32
		{0D137E0B-A610-4160-8113-CEE1CEA1625E}.Release|x86.Build.0 = Release|Win32
		{BEE7D8B6-6AF0-457F-9D2C-424010D292F4}.Debug|x64.ActiveCfg = Debug|x64
		{BEE7D8B6-6AF0-457F-9D2C-424010D292F4}.Debug|x64.Build.0 = Debug|x64
		{BEE7D8B6-6AF0-457F-9D2C-424010D292F4}.Debug|x86.ActiveCfg = Debug|Win32
		{BEE7D8B6-6AF0-457F-9D2C-424010D292F4}.Debug|x86.Build.0 = Debug|Win32
		{BEE7D8B6-6AF0-457F-9D2C-424010D292F4}.Release|x64.ActiveCfg = Release|x64
		{BEE7D8B6-6AF0-457F-9D2C-424010D292F4}.Release|x64.Build.0 = Release|x64
		{BEE7D8B6-6AF0-457F-9D2C-424010D292F4}.Release|x86.ActiveCfg = Release|Win32
		{BEE7D8B6-6AF0-457F-9D2C-424010D292F4}.Release|x86.Build.0 = Release|Win32
		{802463E2-51C1-4875-AAC5-D9C52DD9CABF}.Debug|x64.ActiveCfg = Debug|x64
		{802463E2-51C1-4875-AAC5-D9C52DD9CABF}.Debug|x64.Build.0 = Debug|x64
		{802463E2-51C1-4875-AAC5-D9C52DD9CABF}.Debug|x86.ActiveCfg = Debug|Win32
		{802463E2-51C1-4875-AAC5-D9C52DD9CABF}.Debug|x86.Build.0 = Debug|Win32
		{802463E2-51C1-4875-AAC5-D9C52DD9CABF}.Release|x64.ActiveCfg = Release|x64
		{802463E2-51C1-4875-AAC5-D9C52DD9CABF}.Release|x64.Build.0 = Release|x64
		{802463E2-51C1-4875-AAC5-D9C52DD9CABF}.Release|x86.ActiveCfg = Release|Win32
		{802463E2-51C1-4875-AAC5-D9C52DD9CABF}.Release|x86.Build.0 = Release|Win32
		{B322654F-925A-46C1-AA87-CDB83524ED9C}.Debug|x64.ActiveCfg = Debug|x64
		{B322654F-925A-46C1-AA87-CDB83524ED9C}.Debug|x64.Build.0 = Debug|x64
		{B322654F-925A-46C1-AA87-CDB83524ED9C}.Debug|x86.ActiveCfg = Debug|Win32
		{B322654F-925A-46C1-AA87-CDB83524ED9C}.Debug|x86.Build.0 = Debug|Win32
		{B322654F-925A-46C1-AA87-CDB83524ED9C}.Release|x64.ActiveCfg = Release|x64
		{B322654F-925A-46C1-AA87-CDB83524ED9C}.Release|x64.Build.0 = Release|x64
		{B322654F-925A-46C1-AA87-CDB83524ED9C}.Release|x86.ActiveCfg = Release|Win32
		{B322654F-925A-46C1-AA87-CDB83524ED9C}.Release|x86.Build.0 = Release|Win32
		{0A45431C-6E7C-46B7-90B4-09648CCAA27B}.Debug|x64.ActiveCfg = Debug|x64
		{0A45431C-6E7C-46B7-90B4-09648CCAA27B}.Debug|x64.Build.0 = Debug|x64
		{0A45431C-6E7C-46B7-90B4-09648CCAA27B}.Debug|x86.ActiveCfg = Debug|Win32
		{0A45431C-6E7C-46B7-90B4-09648CCAA27B}.Debug|x86.Build.0 = Debug|Win32
		{0A45431C-6E7C-46B7-90B4-09648CCAA27B}.Release|x64.ActiveCfg = Release|x64
		{0A45431C-6E7C-46B7-90B4-09648CCAA27B}.Release|x64.Build.0 = Release|x64
		{0A45431C-6E7C-46B7-90B4-09648CCAA27B}.Release|x86.ActiveCfg = Release|Win32
		{0A45431C-6E7C-46B7-90B4-09648CCAA27B}.Release|x86.Build.0 = Release|Win32
		{D75CAF2D-464B-41D9-A452-330D4230E0B9}.Debug|x64.ActiveCfg = Debug|x64
		{D75CAF2D-464B-41D9-A452-330D4230E0B9}.Debug|x64.Build.0 = Debug|x64
		{D75CAF2D-464B-41D9-A452-330D4230E0B9}.Debug|x86.ActiveCfg = Debug|Win32
		{D75CAF2D-464B-41D9-A452-330D4230E0B9}.Debug|x86.Build.0 = Debug|Win32
		{D75CAF2D-464B-41D9-A452-330D4230E0B9}.Release|x64.ActiveCfg = Release|x64
		{D75CAF2D-464B-41D9-A452-330D4230E0B9}.Release|x64.Build.0 = Release|x64
		{D75CAF2D-464B-41D9-A452-330D4230E0B9}.Release|x86.ActiveCfg = Release|Win32
		{D75CAF2D-464B-41D9-A452-330D4230E0B9}.Release|x86.Build.0 = Release|Win32
		{8DD50DB8-BF80-4679-8250-E7979B42F994}.Debug|x64.ActiveCfg = Debug|x64
		{8DD50DB8-BF80-4679-8250-E7979B42F994}.Debug|x64.Build.0 = Debug|x64
		{8DD50DB8-BF80-4679-8250-E7979B42F994}.Debug|x86.ActiveCfg = Debug|Win32
		{8DD50DB8-BF80-4679-8250-E7979B42F994}.Debug|x86.Build.0 = Debug|Win32
		{8DD50DB8-BF80-4679-8250-E7979B42F994}.Release|x64.ActiveCfg = Release|x64
		{8DD50DB8-BF80-4679-8250-E7979B42F994}.Release|x64.Build.0 = Release|x64
		{8DD50DB8-BF80-4679-8250-E7979B42F994}.Release|x86.ActiveCfg = Release|Win32
		{8DD50DB8-BF80-4679-8250-E7979B42F994}.Release|x86.Build.0 = Release|Win32
		{53D4B3E0-3E87-4741-9C76-0FCDA3D985CE}.Debug|x64.ActiveCfg = Debug|x64
		{53D4B3E0-3E87-4741-9C76-0FCDA3D985CE}.Debug|x64.Build.0 = Debug|x64
		{53D4B3E0-3E87-4741-9C76-0FCDA3D985CE}.Debug|x86.ActiveCfg = Debug|Win32
		{53D4B3E0-3E87-4741-9C76-0FCDA3D985CE}.Debug|x86.Build.0 = Debug|Win32
		{53D4B3E0-3E87-4741-9C76-0FCDA3D985CE}.Release|x64.ActiveCfg = Release|x64
		{53D4B3E0-3E87-4741-9C76-0FCDA3D985CE}.Release|x64.Build.0 = Release|x64
		{53D4B3E0-3E87-4741-9C76-0FCDA3D985CE}.Release|x86.ActiveCfg = Release|Win32
		{53D4B3E0-3E87-4741-9C76-0FCDA3D985CE}.Release|x86.Build.0 = Release|Win32
		{79861615-150C-4A1D-8EAB-A43544DC857C}.Debug|x64.ActiveCfg = Debug|x64
		{79861615-150C-4A1D-8EAB-A43544DC857C}.Debug|x64.Build.0 = Debug|x64
		{79861615-150C-4A1D-8EAB-A43544DC857C}.Debug|x86.ActiveCfg = Debug|Win32
		{79861615-150C-4A1D-8EAB-A43544DC857C}.Debug|x86.Build.0 = Debug|Win32
		{79861615-150C-4A1D-8EAB-A43544DC857C}.Release|x64.ActiveCfg = Release|x64
		{79861615-150C-4A1D-8EAB-A43544DC857C}.Release|x64.Build.0 = Release|x64
		{79861615-150C-4A1D-8EAB-A43544DC857C}.Release|x86.ActiveCfg = Release|Win32
		{79861615-150C-4A1D-8EAB-A43544DC857C}.Release|x86.Build.0 = Release|Win32
		{247B883C-524C-493A-A24D-4B53A42FFFA2}.Debug|x64.ActiveCfg = Debug|x64
		{247B883C-524C-493A-A24D-4B53A42FFFA2}.Debug|x64.Build.0 = Debug|x64
		{247B883C-524C-493A-A24D-4B53A42FFFA2}.Debug|x86.ActiveCfg = Debug|Win32
		{247B883C-524C-493A-A24D-4B53A42FFFA2}.Debug|x86.Build.0 = Debug|Win32
		{247B883C-524C-493A-A24D-4B53A42FFFA2}.Release|x64.ActiveCfg = Release|x64
		{247B883C-524C-493A-A24D-4B53A42FFFA2}.Release|x64.Build.0 = Release|x64
		{247B883C-524C-493A-A24D-4B53A42FFFA2}.Release|x86.ActiveCfg = Release|Win32
		{247B883C-524C-493A-A24D-4B53A42FFFA2}.Release|x86.Build.0 = Release|Win32
		{6466EE40-7ABF-4960-9AAB-E5243A431CB7}.Debug|x64.ActiveCfg = Debug|x64
		{6466EE40-7ABF-4960-9AAB-E5243A431CB7}.Debug|x64.Build.0 = Debug|x64
		{6466EE40-7ABF-4960-9AAB-E5243A431CB7}.Debug|x86.ActiveCfg = Debug|Win32
		{6466EE40-7ABF-4960-9AAB-E5243A431CB7}.Debug|x86.Build.0 = Debug|Win32
		{6466EE40-7ABF-4960-9AAB-E5243A431CB7}.Release|x64.ActiveCfg = Release|x64
		{6466EE40-7ABF-4960-9AAB-E5243A431CB7}.Release|x64.Build.0 = Release|x64
		{6466EE40-7ABF-4960-9AAB-E5243A431CB7}.Release|x86.ActiveCfg = Release|Win32
		{6466EE40-7ABF-4960-9AAB-E5243A431CB7}.Release|x86.Build.0 = Release|Win32
	EndGlobalSection
	GlobalSection(SolutionProperties) = preSolution
		HideSolutionNode = FALSE
	EndGlobalSection
	GlobalSection(ExtensibilityGlobals) = postSolution
		SolutionGuid = {7741F134-FEA8-4383-A1DC-C7D5272EABF1}
	EndGlobalSection
EndGlobal
