
Microsoft Visual Studio Solution File, Format Version 12.00
# Visual Studio Version 17
VisualStudioVersion = 17.5.33516.290
MinimumVisualStudioVersion = 10.0.40219.1
Project("{8BC9CEB8-8B4A-11D0-8D11-00A0C91BC942}") = "CB01", "CB01\CB01.vcxproj", "{38F05954-564D-41B4-ABB1-3546ECCB5516}"
EndProject
Project("{8BC9CEB8-8B4A-11D0-8D11-00A0C91BC942}") = "CB02_Duc", "CB02_Duc\CB02_Duc.vcxproj", "{4E362FC6-117B-44E4-A3E8-B3E2D096768F}"
EndProject
Project("{8BC9CEB8-8B4A-11D0-8D11-00A0C91BC942}") = "CB03_Duc", "CB03_Duc\CB03_Duc.vcxproj", "{1440DD8E-8BB6-4CFF-B577-F8C7A8C98804}"
EndProject
Project("{8BC9CEB8-8B4A-11D0-8D11-00A0C91BC942}") = "VL15_Dung", "VL15_Dung\VL15_Dung.vcxproj", "{65A5397F-136C-4073-AECF-1B9F4EC12F6C}"
EndProject
Project("{8BC9CEB8-8B4A-11D0-8D11-00A0C91BC942}") = "VL14", "VL14\VL14.vcxproj", "{305889A2-60A1-4063-9DDC-BFC3D3B3BDCA}"
EndProject
Global
	GlobalSection(SolutionConfigurationPlatforms) = preSolution
		Debug|x64 = Debug|x64
		Debug|x86 = Debug|x86
		Release|x64 = Release|x64
		Release|x86 = Release|x86
	EndGlobalSection
	GlobalSection(ProjectConfigurationPlatforms) = postSolution
		{38F05954-564D-41B4-ABB1-3546ECCB5516}.Debug|x64.ActiveCfg = Debug|x64
		{38F05954-564D-41B4-ABB1-3546ECCB5516}.Debug|x64.Build.0 = Debug|x64
		{38F05954-564D-41B4-ABB1-3546ECCB5516}.Debug|x86.ActiveCfg = Debug|Win32
		{38F05954-564D-41B4-ABB1-3546ECCB5516}.Debug|x86.Build.0 = Debug|Win32
		{38F05954-564D-41B4-ABB1-3546ECCB5516}.Release|x64.ActiveCfg = Release|x64
		{38F05954-564D-41B4-ABB1-3546ECCB5516}.Release|x64.Build.0 = Release|x64
		{38F05954-564D-41B4-ABB1-3546ECCB5516}.Release|x86.ActiveCfg = Release|Win32
		{38F05954-564D-41B4-ABB1-3546ECCB5516}.Release|x86.Build.0 = Release|Win32
		{4E362FC6-117B-44E4-A3E8-B3E2D096768F}.Debug|x64.ActiveCfg = Debug|x64
		{4E362FC6-117B-44E4-A3E8-B3E2D096768F}.Debug|x64.Build.0 = Debug|x64
		{4E362FC6-117B-44E4-A3E8-B3E2D096768F}.Debug|x86.ActiveCfg = Debug|Win32
		{4E362FC6-117B-44E4-A3E8-B3E2D096768F}.Debug|x86.Build.0 = Debug|Win32
		{4E362FC6-117B-44E4-A3E8-B3E2D096768F}.Release|x64.ActiveCfg = Release|x64
		{4E362FC6-117B-44E4-A3E8-B3E2D096768F}.Release|x64.Build.0 = Release|x64
		{4E362FC6-117B-44E4-A3E8-B3E2D096768F}.Release|x86.ActiveCfg = Release|Win32
		{4E362FC6-117B-44E4-A3E8-B3E2D096768F}.Release|x86.Build.0 = Release|Win32
		{1440DD8E-8BB6-4CFF-B577-F8C7A8C98804}.Debug|x64.ActiveCfg = Debug|x64
		{1440DD8E-8BB6-4CFF-B577-F8C7A8C98804}.Debug|x64.Build.0 = Debug|x64
		{1440DD8E-8BB6-4CFF-B577-F8C7A8C98804}.Debug|x86.ActiveCfg = Debug|Win32
		{1440DD8E-8BB6-4CFF-B577-F8C7A8C98804}.Debug|x86.Build.0 = Debug|Win32
		{1440DD8E-8BB6-4CFF-B577-F8C7A8C98804}.Release|x64.ActiveCfg = Release|x64
		{1440DD8E-8BB6-4CFF-B577-F8C7A8C98804}.Release|x64.Build.0 = Release|x64
		{1440DD8E-8BB6-4CFF-B577-F8C7A8C98804}.Release|x86.ActiveCfg = Release|Win32
		{1440DD8E-8BB6-4CFF-B577-F8C7A8C98804}.Release|x86.Build.0 = Release|Win32
		{65A5397F-136C-4073-AECF-1B9F4EC12F6C}.Debug|x64.ActiveCfg = Debug|x64
		{65A5397F-136C-4073-AECF-1B9F4EC12F6C}.Debug|x64.Build.0 = Debug|x64
		{65A5397F-136C-4073-AECF-1B9F4EC12F6C}.Debug|x86.ActiveCfg = Debug|Win32
		{65A5397F-136C-4073-AECF-1B9F4EC12F6C}.Debug|x86.Build.0 = Debug|Win32
		{65A5397F-136C-4073-AECF-1B9F4EC12F6C}.Release|x64.ActiveCfg = Release|x64
		{65A5397F-136C-4073-AECF-1B9F4EC12F6C}.Release|x64.Build.0 = Release|x64
		{65A5397F-136C-4073-AECF-1B9F4EC12F6C}.Release|x86.ActiveCfg = Release|Win32
		{65A5397F-136C-4073-AECF-1B9F4EC12F6C}.Release|x86.Build.0 = Release|Win32
		{305889A2-60A1-4063-9DDC-BFC3D3B3BDCA}.Debug|x64.ActiveCfg = Debug|x64
		{305889A2-60A1-4063-9DDC-BFC3D3B3BDCA}.Debug|x64.Build.0 = Debug|x64
		{305889A2-60A1-4063-9DDC-BFC3D3B3BDCA}.Debug|x86.ActiveCfg = Debug|Win32
		{305889A2-60A1-4063-9DDC-BFC3D3B3BDCA}.Debug|x86.Build.0 = Debug|Win32
		{305889A2-60A1-4063-9DDC-BFC3D3B3BDCA}.Release|x64.ActiveCfg = Release|x64
		{305889A2-60A1-4063-9DDC-BFC3D3B3BDCA}.Release|x64.Build.0 = Release|x64
		{305889A2-60A1-4063-9DDC-BFC3D3B3BDCA}.Release|x86.ActiveCfg = Release|Win32
		{305889A2-60A1-4063-9DDC-BFC3D3B3BDCA}.Release|x86.Build.0 = Release|Win32
	EndGlobalSection
	GlobalSection(SolutionProperties) = preSolution
		HideSolutionNode = FALSE
	EndGlobalSection
	GlobalSection(ExtensibilityGlobals) = postSolution
		SolutionGuid = {7741F134-FEA8-4383-A1DC-C7D5272EABF1}
	EndGlobalSection
EndGlobal
