
Microsoft Visual Studio Solution File, Format Version 12.00
# Visual Studio Version 16
VisualStudioVersion = 16.0.33529.622
MinimumVisualStudioVersion = 10.0.40219.1
Project("{8BC9CEB8-8B4A-11D0-8D11-00A0C91BC942}") = "CB02_Duc", "CB02_Duc\CB02_Duc.vcxproj", "{4E362FC6-117B-44E4-A3E8-B3E2D096768F}"
EndProject
Project("{8BC9CEB8-8B4A-11D0-8D11-00A0C91BC942}") = "CB03_Duc", "CB03_Duc\CB03_Duc.vcxproj", "{1440DD8E-8BB6-4CFF-B577-F8C7A8C98804}"
EndProject
Project("{8BC9CEB8-8B4A-11D0-8D11-00A0C91BC942}") = "CB04_Duc", "CB04\CB04.vcxproj", "{E014E8F9-3B06-4F17-89EB-A3C790DAD943}"
EndProject
Project("{8BC9CEB8-8B4A-11D0-8D11-00A0C91BC942}") = "CB01_Duc", "CB01_Duc\CB01_Duc.vcxproj", "{38F05954-564D-41B4-ABB1-3546ECCB5516}"
EndProject
Project("{8BC9CEB8-8B4A-11D0-8D11-00A0C91BC942}") = "VL15_Dung", "VL15_Dung\VL15_Dung.vcxproj", "{65A5397F-136C-4073-AECF-1B9F4EC12F6C}"
EndProject
Project("{8BC9CEB8-8B4A-11D0-8D11-00A0C91BC942}") = "VL14_Dung", "VL14_Dung\VL14_Dung.vcxproj", "{0738DBF8-57FA-454E-8430-6A1EEE23BACB}"
EndProject
Project("{8BC9CEB8-8B4A-11D0-8D11-00A0C91BC942}") = "CB01_dUNG", "CB01_dUNG\CB01_dUNG.vcxproj", "{085CDE79-41E7-42D4-9B2A-9DED72FE30DA}"
EndProject
Project("{8BC9CEB8-8B4A-11D0-8D11-00A0C91BC942}") = "CB02_Dung", "CB02_Dung\CB02_Dung.vcxproj", "{93CB0B49-FF95-4318-BEC3-C7EDE833779C}"
EndProject
Project("{8BC9CEB8-8B4A-11D0-8D11-00A0C91BC942}") = "CB03_Dung", "CB03_Dung\CB03_Dung.vcxproj", "{090621D7-2AAF-4272-948D-185DC36C8787}"
EndProject
Project("{8BC9CEB8-8B4A-11D0-8D11-00A0C91BC942}") = "CB04_Dung", "CB04_Dung\CB04_Dung.vcxproj", "{B0C039F2-3839-4867-A913-0D9077D47A69}"
EndProject
Project("{8BC9CEB8-8B4A-11D0-8D11-00A0C91BC942}") = "CB05_Dung", "CB05_Dung\CB05_Dung.vcxproj", "{1F491305-1AA2-41C7-B891-0B3692ADD0D6}"
EndProject
Project("{8BC9CEB8-8B4A-11D0-8D11-00A0C91BC942}") = "CB06_Dung", "CB06_Dung\CB06_Dung.vcxproj", "{E5396B46-54BB-4996-9D16-1137F169AB22}"
EndProject
Project("{8BC9CEB8-8B4A-11D0-8D11-00A0C91BC942}") = "CB07_Dung", "CB07_Dung\CB07_Dung.vcxproj", "{8B53E723-F4B1-4B04-BAED-E4D785144727}"
EndProject
Project("{8BC9CEB8-8B4A-11D0-8D11-00A0C91BC942}") = "CB08_Dung", "CB08_Dung\CB08_Dung.vcxproj", "{F81FFE3C-F84B-497B-B608-1819F99109A0}"
EndProject
Project("{8BC9CEB8-8B4A-11D0-8D11-00A0C91BC942}") = "VL10_Dung", "VL10_Dung\VL10_Dung.vcxproj", "{8AA43BC8-B77E-4CBA-9E1C-53A8202D7201}"
EndProject
Project("{8BC9CEB8-8B4A-11D0-8D11-00A0C91BC942}") = "DK01_Dung", "DK01_Dung\DK01_Dung.vcxproj", "{C789B179-968B-4FD8-9AF0-B1D0398E5E35}"
EndProject
Global
	GlobalSection(SolutionConfigurationPlatforms) = preSolution
		Debug|x64 = Debug|x64
		Debug|x86 = Debug|x86
		Release|x64 = Release|x64
		Release|x86 = Release|x86
	EndGlobalSection
	GlobalSection(ProjectConfigurationPlatforms) = postSolution
		{4E362FC6-117B-44E4-A3E8-B3E2D096768F}.Debug|x64.ActiveCfg = Debug|x64
		{4E362FC6-117B-44E4-A3E8-B3E2D096768F}.Debug|x64.Build.0 = Debug|x64
		{4E362FC6-117B-44E4-A3E8-B3E2D096768F}.Debug|x86.ActiveCfg = Debug|Win32
		{4E362FC6-117B-44E4-A3E8-B3E2D096768F}.Debug|x86.Build.0 = Debug|Win32
		{4E362FC6-117B-44E4-A3E8-B3E2D096768F}.Release|x64.ActiveCfg = Release|x64
		{4E362FC6-117B-44E4-A3E8-B3E2D096768F}.Release|x64.Build.0 = Release|x64
		{4E362FC6-117B-44E4-A3E8-B3E2D096768F}.Release|x86.ActiveCfg = Release|Win32
		{4E362FC6-117B-44E4-A3E8-B3E2D096768F}.Release|x86.Build.0 = Release|Win32
		{1440DD8E-8BB6-4CFF-B577-F8C7A8C98804}.Debug|x64.ActiveCfg = Debug|x64
		{1440DD8E-8BB6-4CFF-B577-F8C7A8C98804}.Debug|x64.Build.0 = Debug|x64
		{1440DD8E-8BB6-4CFF-B577-F8C7A8C98804}.Debug|x86.ActiveCfg = Debug|Win32
		{1440DD8E-8BB6-4CFF-B577-F8C7A8C98804}.Debug|x86.Build.0 = Debug|Win32
		{1440DD8E-8BB6-4CFF-B577-F8C7A8C98804}.Release|x64.ActiveCfg = Release|x64
		{1440DD8E-8BB6-4CFF-B577-F8C7A8C98804}.Release|x64.Build.0 = Release|x64
		{1440DD8E-8BB6-4CFF-B577-F8C7A8C98804}.Release|x86.ActiveCfg = Release|Win32
		{1440DD8E-8BB6-4CFF-B577-F8C7A8C98804}.Release|x86.Build.0 = Release|Win32
		{E014E8F9-3B06-4F17-89EB-A3C790DAD943}.Debug|x64.ActiveCfg = Debug|x64
		{E014E8F9-3B06-4F17-89EB-A3C790DAD943}.Debug|x64.Build.0 = Debug|x64
		{E014E8F9-3B06-4F17-89EB-A3C790DAD943}.Debug|x86.ActiveCfg = Debug|Win32
		{E014E8F9-3B06-4F17-89EB-A3C790DAD943}.Debug|x86.Build.0 = Debug|Win32
		{E014E8F9-3B06-4F17-89EB-A3C790DAD943}.Release|x64.ActiveCfg = Release|x64
		{E014E8F9-3B06-4F17-89EB-A3C790DAD943}.Release|x64.Build.0 = Release|x64
		{E014E8F9-3B06-4F17-89EB-A3C790DAD943}.Release|x86.ActiveCfg = Release|Win32
		{E014E8F9-3B06-4F17-89EB-A3C790DAD943}.Release|x86.Build.0 = Release|Win32
		{38F05954-564D-41B4-ABB1-3546ECCB5516}.Debug|x64.ActiveCfg = Debug|x64
		{38F05954-564D-41B4-ABB1-3546ECCB5516}.Debug|x64.Build.0 = Debug|x64
		{38F05954-564D-41B4-ABB1-3546ECCB5516}.Debug|x86.ActiveCfg = Debug|Win32
		{38F05954-564D-41B4-ABB1-3546ECCB5516}.Debug|x86.Build.0 = Debug|Win32
		{38F05954-564D-41B4-ABB1-3546ECCB5516}.Release|x64.ActiveCfg = Release|x64
		{38F05954-564D-41B4-ABB1-3546ECCB5516}.Release|x64.Build.0 = Release|x64
		{38F05954-564D-41B4-ABB1-3546ECCB5516}.Release|x86.ActiveCfg = Release|Win32
		{38F05954-564D-41B4-ABB1-3546ECCB5516}.Release|x86.Build.0 = Release|Win32
		{65A5397F-136C-4073-AECF-1B9F4EC12F6C}.Debug|x64.ActiveCfg = Debug|x64
		{65A5397F-136C-4073-AECF-1B9F4EC12F6C}.Debug|x64.Build.0 = Debug|x64
		{65A5397F-136C-4073-AECF-1B9F4EC12F6C}.Debug|x86.ActiveCfg = Debug|Win32
		{65A5397F-136C-4073-AECF-1B9F4EC12F6C}.Debug|x86.Build.0 = Debug|Win32
		{65A5397F-136C-4073-AECF-1B9F4EC12F6C}.Release|x64.ActiveCfg = Release|x64
		{65A5397F-136C-4073-AECF-1B9F4EC12F6C}.Release|x64.Build.0 = Release|x64
		{65A5397F-136C-4073-AECF-1B9F4EC12F6C}.Release|x86.ActiveCfg = Release|Win32
		{65A5397F-136C-4073-AECF-1B9F4EC12F6C}.Release|x86.Build.0 = Release|Win32
		{0738DBF8-57FA-454E-8430-6A1EEE23BACB}.Debug|x64.ActiveCfg = Debug|x64
		{0738DBF8-57FA-454E-8430-6A1EEE23BACB}.Debug|x64.Build.0 = Debug|x64
		{0738DBF8-57FA-454E-8430-6A1EEE23BACB}.Debug|x86.ActiveCfg = Debug|Win32
		{0738DBF8-57FA-454E-8430-6A1EEE23BACB}.Debug|x86.Build.0 = Debug|Win32
		{0738DBF8-57FA-454E-8430-6A1EEE23BACB}.Release|x64.ActiveCfg = Release|x64
		{0738DBF8-57FA-454E-8430-6A1EEE23BACB}.Release|x64.Build.0 = Release|x64
		{0738DBF8-57FA-454E-8430-6A1EEE23BACB}.Release|x86.ActiveCfg = Release|Win32
		{0738DBF8-57FA-454E-8430-6A1EEE23BACB}.Release|x86.Build.0 = Release|Win32
		{085CDE79-41E7-42D4-9B2A-9DED72FE30DA}.Debug|x64.ActiveCfg = Debug|x64
		{085CDE79-41E7-42D4-9B2A-9DED72FE30DA}.Debug|x64.Build.0 = Debug|x64
		{085CDE79-41E7-42D4-9B2A-9DED72FE30DA}.Debug|x86.ActiveCfg = Debug|Win32
		{085CDE79-41E7-42D4-9B2A-9DED72FE30DA}.Debug|x86.Build.0 = Debug|Win32
		{085CDE79-41E7-42D4-9B2A-9DED72FE30DA}.Release|x64.ActiveCfg = Release|x64
		{085CDE79-41E7-42D4-9B2A-9DED72FE30DA}.Release|x64.Build.0 = Release|x64
		{085CDE79-41E7-42D4-9B2A-9DED72FE30DA}.Release|x86.ActiveCfg = Release|Win32
		{085CDE79-41E7-42D4-9B2A-9DED72FE30DA}.Release|x86.Build.0 = Release|Win32
		{93CB0B49-FF95-4318-BEC3-C7EDE833779C}.Debug|x64.ActiveCfg = Debug|x64
		{93CB0B49-FF95-4318-BEC3-C7EDE833779C}.Debug|x64.Build.0 = Debug|x64
		{93CB0B49-FF95-4318-BEC3-C7EDE833779C}.Debug|x86.ActiveCfg = Debug|Win32
		{93CB0B49-FF95-4318-BEC3-C7EDE833779C}.Debug|x86.Build.0 = Debug|Win32
		{93CB0B49-FF95-4318-BEC3-C7EDE833779C}.Release|x64.ActiveCfg = Release|x64
		{93CB0B49-FF95-4318-BEC3-C7EDE833779C}.Release|x64.Build.0 = Release|x64
		{93CB0B49-FF95-4318-BEC3-C7EDE833779C}.Release|x86.ActiveCfg = Release|Win32
		{93CB0B49-FF95-4318-BEC3-C7EDE833779C}.Release|x86.Build.0 = Release|Win32
		{090621D7-2AAF-4272-948D-185DC36C8787}.Debug|x64.ActiveCfg = Debug|x64
		{090621D7-2AAF-4272-948D-185DC36C8787}.Debug|x64.Build.0 = Debug|x64
		{090621D7-2AAF-4272-948D-185DC36C8787}.Debug|x86.ActiveCfg = Debug|Win32
		{090621D7-2AAF-4272-948D-185DC36C8787}.Debug|x86.Build.0 = Debug|Win32
		{090621D7-2AAF-4272-948D-185DC36C8787}.Release|x64.ActiveCfg = Release|x64
		{090621D7-2AAF-4272-948D-185DC36C8787}.Release|x64.Build.0 = Release|x64
		{090621D7-2AAF-4272-948D-185DC36C8787}.Release|x86.ActiveCfg = Release|Win32
		{090621D7-2AAF-4272-948D-185DC36C8787}.Release|x86.Build.0 = Release|Win32
		{B0C039F2-3839-4867-A913-0D9077D47A69}.Debug|x64.ActiveCfg = Debug|x64
		{B0C039F2-3839-4867-A913-0D9077D47A69}.Debug|x64.Build.0 = Debug|x64
		{B0C039F2-3839-4867-A913-0D9077D47A69}.Debug|x86.ActiveCfg = Debug|Win32
		{B0C039F2-3839-4867-A913-0D9077D47A69}.Debug|x86.Build.0 = Debug|Win32
		{B0C039F2-3839-4867-A913-0D9077D47A69}.Release|x64.ActiveCfg = Release|x64
		{B0C039F2-3839-4867-A913-0D9077D47A69}.Release|x64.Build.0 = Release|x64
		{B0C039F2-3839-4867-A913-0D9077D47A69}.Release|x86.ActiveCfg = Release|Win32
		{B0C039F2-3839-4867-A913-0D9077D47A69}.Release|x86.Build.0 = Release|Win32
		{1F491305-1AA2-41C7-B891-0B3692ADD0D6}.Debug|x64.ActiveCfg = Debug|x64
		{1F491305-1AA2-41C7-B891-0B3692ADD0D6}.Debug|x64.Build.0 = Debug|x64
		{1F491305-1AA2-41C7-B891-0B3692ADD0D6}.Debug|x86.ActiveCfg = Debug|Win32
		{1F491305-1AA2-41C7-B891-0B3692ADD0D6}.Debug|x86.Build.0 = Debug|Win32
		{1F491305-1AA2-41C7-B891-0B3692ADD0D6}.Release|x64.ActiveCfg = Release|x64
		{1F491305-1AA2-41C7-B891-0B3692ADD0D6}.Release|x64.Build.0 = Release|x64
		{1F491305-1AA2-41C7-B891-0B3692ADD0D6}.Release|x86.ActiveCfg = Release|Win32
		{1F491305-1AA2-41C7-B891-0B3692ADD0D6}.Release|x86.Build.0 = Release|Win32
		{E5396B46-54BB-4996-9D16-1137F169AB22}.Debug|x64.ActiveCfg = Debug|x64
		{E5396B46-54BB-4996-9D16-1137F169AB22}.Debug|x64.Build.0 = Debug|x64
		{E5396B46-54BB-4996-9D16-1137F169AB22}.Debug|x86.ActiveCfg = Debug|Win32
		{E5396B46-54BB-4996-9D16-1137F169AB22}.Debug|x86.Build.0 = Debug|Win32
		{E5396B46-54BB-4996-9D16-1137F169AB22}.Release|x64.ActiveCfg = Release|x64
		{E5396B46-54BB-4996-9D16-1137F169AB22}.Release|x64.Build.0 = Release|x64
		{E5396B46-54BB-4996-9D16-1137F169AB22}.Release|x86.ActiveCfg = Release|Win32
		{E5396B46-54BB-4996-9D16-1137F169AB22}.Release|x86.Build.0 = Release|Win32
		{8B53E723-F4B1-4B04-BAED-E4D785144727}.Debug|x64.ActiveCfg = Debug|x64
		{8B53E723-F4B1-4B04-BAED-E4D785144727}.Debug|x64.Build.0 = Debug|x64
		{8B53E723-F4B1-4B04-BAED-E4D785144727}.Debug|x86.ActiveCfg = Debug|Win32
		{8B53E723-F4B1-4B04-BAED-E4D785144727}.Debug|x86.Build.0 = Debug|Win32
		{8B53E723-F4B1-4B04-BAED-E4D785144727}.Release|x64.ActiveCfg = Release|x64
		{8B53E723-F4B1-4B04-BAED-E4D785144727}.Release|x64.Build.0 = Release|x64
		{8B53E723-F4B1-4B04-BAED-E4D785144727}.Release|x86.ActiveCfg = Release|Win32
		{8B53E723-F4B1-4B04-BAED-E4D785144727}.Release|x86.Build.0 = Release|Win32
		{F81FFE3C-F84B-497B-B608-1819F99109A0}.Debug|x64.ActiveCfg = Debug|x64
		{F81FFE3C-F84B-497B-B608-1819F99109A0}.Debug|x64.Build.0 = Debug|x64
		{F81FFE3C-F84B-497B-B608-1819F99109A0}.Debug|x86.ActiveCfg = Debug|Win32
		{F81FFE3C-F84B-497B-B608-1819F99109A0}.Debug|x86.Build.0 = Debug|Win32
		{F81FFE3C-F84B-497B-B608-1819F99109A0}.Release|x64.ActiveCfg = Release|x64
		{F81FFE3C-F84B-497B-B608-1819F99109A0}.Release|x64.Build.0 = Release|x64
		{F81FFE3C-F84B-497B-B608-1819F99109A0}.Release|x86.ActiveCfg = Release|Win32
		{F81FFE3C-F84B-497B-B608-1819F99109A0}.Release|x86.Build.0 = Release|Win32
		{8AA43BC8-B77E-4CBA-9E1C-53A8202D7201}.Debug|x64.ActiveCfg = Debug|x64
		{8AA43BC8-B77E-4CBA-9E1C-53A8202D7201}.Debug|x64.Build.0 = Debug|x64
		{8AA43BC8-B77E-4CBA-9E1C-53A8202D7201}.Debug|x86.ActiveCfg = Debug|Win32
		{8AA43BC8-B77E-4CBA-9E1C-53A8202D7201}.Debug|x86.Build.0 = Debug|Win32
		{8AA43BC8-B77E-4CBA-9E1C-53A8202D7201}.Release|x64.ActiveCfg = Release|x64
		{8AA43BC8-B77E-4CBA-9E1C-53A8202D7201}.Release|x64.Build.0 = Release|x64
		{8AA43BC8-B77E-4CBA-9E1C-53A8202D7201}.Release|x86.ActiveCfg = Release|Win32
		{8AA43BC8-B77E-4CBA-9E1C-53A8202D7201}.Release|x86.Build.0 = Release|Win32
		{C789B179-968B-4FD8-9AF0-B1D0398E5E35}.Debug|x64.ActiveCfg = Debug|x64
		{C789B179-968B-4FD8-9AF0-B1D0398E5E35}.Debug|x64.Build.0 = Debug|x64
		{C789B179-968B-4FD8-9AF0-B1D0398E5E35}.Debug|x86.ActiveCfg = Debug|Win32
		{C789B179-968B-4FD8-9AF0-B1D0398E5E35}.Debug|x86.Build.0 = Debug|Win32
		{C789B179-968B-4FD8-9AF0-B1D0398E5E35}.Release|x64.ActiveCfg = Release|x64
		{C789B179-968B-4FD8-9AF0-B1D0398E5E35}.Release|x64.Build.0 = Release|x64
		{C789B179-968B-4FD8-9AF0-B1D0398E5E35}.Release|x86.ActiveCfg = Release|Win32
		{C789B179-968B-4FD8-9AF0-B1D0398E5E35}.Release|x86.Build.0 = Release|Win32
	EndGlobalSection
	GlobalSection(SolutionProperties) = preSolution
		HideSolutionNode = FALSE
	EndGlobalSection
	GlobalSection(ExtensibilityGlobals) = postSolution
		SolutionGuid = {7741F134-FEA8-4383-A1DC-C7D5272EABF1}
	EndGlobalSection
EndGlobal
